// !$*UTF8*$!
{
	archiveVersion = 1;
	classes = {
	};
	objectVersion = 46;
	objects = {

/* Begin PBXBuildFile section */
		FCDEF95C1D3F1A71004F3244 /* main.m in Sources */ = {isa = PBXBuildFile; fileRef = FCDEF95B1D3F1A71004F3244 /* main.m */; };
		FCDEF95F1D3F1A71004F3244 /* AppDelegate.m in Sources */ = {isa = PBXBuildFile; fileRef = FCDEF95E1D3F1A71004F3244 /* AppDelegate.m */; };
		FCDEF9621D3F1A71004F3244 /* ViewController.m in Sources */ = {isa = PBXBuildFile; fileRef = FCDEF9611D3F1A71004F3244 /* ViewController.m */; };
		FCDEF9651D3F1A71004F3244 /* Main.storyboard in Resources */ = {isa = PBXBuildFile; fileRef = FCDEF9631D3F1A71004F3244 /* Main.storyboard */; };
		FCDEF9671D3F1A71004F3244 /* Assets.xcassets in Resources */ = {isa = PBXBuildFile; fileRef = FCDEF9661D3F1A71004F3244 /* Assets.xcassets */; };
		FCDEF96A1D3F1A71004F3244 /* LaunchScreen.storyboard in Resources */ = {isa = PBXBuildFile; fileRef = FCDEF9681D3F1A71004F3244 /* LaunchScreen.storyboard */; };
		FCDEF9841D3F505A004F3244 /* closeItemView@2x.png in Resources */ = {isa = PBXBuildFile; fileRef = FCDEF97E1D3F505A004F3244 /* closeItemView@2x.png */; };
		FCDEF9851D3F505A004F3244 /* showItemView@2x.png in Resources */ = {isa = PBXBuildFile; fileRef = FCDEF97F1D3F505A004F3244 /* showItemView@2x.png */; };
		FCDEF9861D3F505A004F3244 /* TSBtnLabel.m in Sources */ = {isa = PBXBuildFile; fileRef = FCDEF9811D3F505A004F3244 /* TSBtnLabel.m */; };
		FCDEF9871D3F505A004F3244 /* TSScrollBtnView.m in Sources */ = {isa = PBXBuildFile; fileRef = FCDEF9831D3F505A004F3244 /* TSScrollBtnView.m */; };
/* End PBXBuildFile section */

/* Begin PBXFileReference section */
		FCDEF9571D3F1A71004F3244 /* TSScrollBtnDemo.app */ = {isa = PBXFileReference; explicitFileType = wrapper.application; includeInIndex = 0; path = TSScrollBtnDemo.app; sourceTree = BUILT_PRODUCTS_DIR; };
		FCDEF95B1D3F1A71004F3244 /* main.m */ = {isa = PBXFileReference; lastKnownFileType = sourcecode.c.objc; path = main.m; sourceTree = "<group>"; };
		FCDEF95D1D3F1A71004F3244 /* AppDelegate.h */ = {isa = PBXFileReference; lastKnownFileType = sourcecode.c.h; path = AppDelegate.h; sourceTree = "<group>"; };
		FCDEF95E1D3F1A71004F3244 /* AppDelegate.m */ = {isa = PBXFileReference; lastKnownFileType = sourcecode.c.objc; path = AppDelegate.m; sourceTree = "<group>"; };
		FCDEF9601D3F1A71004F3244 /* ViewController.h */ = {isa = PBXFileReference; lastKnownFileType = sourcecode.c.h; path = ViewController.h; sourceTree = "<group>"; };
		FCDEF9611D3F1A71004F3244 /* ViewController.m */ = {isa = PBXFileReference; lastKnownFileType = sourcecode.c.objc; path = ViewController.m; sourceTree = "<group>"; };
		FCDEF9641D3F1A71004F3244 /* Base */ = {isa = PBXFileReference; lastKnownFileType = file.storyboard; name = Base; path = Base.lproj/Main.storyboard; sourceTree = "<group>"; };
		FCDEF9661D3F1A71004F3244 /* Assets.xcassets */ = {isa = PBXFileReference; lastKnownFileType = folder.assetcatalog; path = Assets.xcassets; sourceTree = "<group>"; };
		FCDEF9691D3F1A71004F3244 /* Base */ = {isa = PBXFileReference; lastKnownFileType = file.storyboard; name = Base; path = Base.lproj/LaunchScreen.storyboard; sourceTree = "<group>"; };
		FCDEF96B1D3F1A71004F3244 /* Info.plist */ = {isa = PBXFileReference; lastKnownFileType = text.plist.xml; path = Info.plist; sourceTree = "<group>"; };
		FCDEF97E1D3F505A004F3244 /* closeItemView@2x.png */ = {isa = PBXFileReference; lastKnownFileType = image.png; path = "closeItemView@2x.png"; sourceTree = "<group>"; };
		FCDEF97F1D3F505A004F3244 /* showItemView@2x.png */ = {isa = PBXFileReference; lastKnownFileType = image.png; path = "showItemView@2x.png"; sourceTree = "<group>"; };
		FCDEF9801D3F505A004F3244 /* TSBtnLabel.h */ = {isa = PBXFileReference; fileEncoding = 4; lastKnownFileType = sourcecode.c.h; path = TSBtnLabel.h; sourceTree = "<group>"; };
		FCDEF9811D3F505A004F3244 /* TSBtnLabel.m */ = {isa = PBXFileReference; fileEncoding = 4; lastKnownFileType = sourcecode.c.objc; path = TSBtnLabel.m; sourceTree = "<group>"; };
		FCDEF9821D3F505A004F3244 /* TSScrollBtnView.h */ = {isa = PBXFileReference; fileEncoding = 4; lastKnownFileType = sourcecode.c.h; path = TSScrollBtnView.h; sourceTree = "<group>"; };
		FCDEF9831D3F505A004F3244 /* TSScrollBtnView.m */ = {isa = PBXFileReference; fileEncoding = 4; lastKnownFileType = sourcecode.c.objc; path = TSScrollBtnView.m; sourceTree = "<group>"; };
/* End PBXFileReference section */

/* Begin PBXFrameworksBuildPhase section */
		FCDEF9541D3F1A71004F3244 /* Frameworks */ = {
			isa = PBXFrameworksBuildPhase;
			buildActionMask = 2147483647;
			files = (
			);
			runOnlyForDeploymentPostprocessing = 0;
		};
/* End PBXFrameworksBuildPhase section */

/* Begin PBXGroup section */
		FCDEF94E1D3F1A71004F3244 = {
			isa = PBXGroup;
			children = (
				FCDEF9591D3F1A71004F3244 /* TSScrollBtnDemo */,
				FCDEF9581D3F1A71004F3244 /* Products */,
			);
			sourceTree = "<group>";
		};
		FCDEF9581D3F1A71004F3244 /* Products */ = {
			isa = PBXGroup;
			children = (
				FCDEF9571D3F1A71004F3244 /* TSScrollBtnDemo.app */,
			);
			name = Products;
			sourceTree = "<group>";
		};
		FCDEF9591D3F1A71004F3244 /* TSScrollBtnDemo */ = {
			isa = PBXGroup;
			children = (
				FCDEF97D1D3F505A004F3244 /* TSScrollBtnView */,
				FCDEF95D1D3F1A71004F3244 /* AppDelegate.h */,
				FCDEF95E1D3F1A71004F3244 /* AppDelegate.m */,
				FCDEF9601D3F1A71004F3244 /* ViewController.h */,
				FCDEF9611D3F1A71004F3244 /* ViewController.m */,
				FCDEF9631D3F1A71004F3244 /* Main.storyboard */,
				FCDEF9661D3F1A71004F3244 /* Assets.xcassets */,
				FCDEF9681D3F1A71004F3244 /* LaunchScreen.storyboard */,
				FCDEF96B1D3F1A71004F3244 /* Info.plist */,
				FCDEF95A1D3F1A71004F3244 /* Supporting Files */,
			);
			path = TSScrollBtnDemo;
			sourceTree = "<group>";
		};
		FCDEF95A1D3F1A71004F3244 /* Supporting Files */ = {
			isa = PBXGroup;
			children = (
				FCDEF95B1D3F1A71004F3244 /* main.m */,
			);
			name = "Supporting Files";
			sourceTree = "<group>";
		};
		FCDEF97D1D3F505A004F3244 /* TSScrollBtnView */ = {
			isa = PBXGroup;
			children = (
				FCDEF97E1D3F505A004F3244 /* closeItemView@2x.png */,
				FCDEF97F1D3F505A004F3244 /* showItemView@2x.png */,
				FCDEF9801D3F505A004F3244 /* TSBtnLabel.h */,
				FCDEF9811D3F505A004F3244 /* TSBtnLabel.m */,
				FCDEF9821D3F505A004F3244 /* TSScrollBtnView.h */,
				FCDEF9831D3F505A004F3244 /* TSScrollBtnView.m */,
			);
			name = TSScrollBtnView;
			path = TSScrollBtn;
			sourceTree = "<group>";
		};
/* End PBXGroup section */

/* Begin PBXNativeTarget section */
		FCDEF9561D3F1A71004F3244 /* TSScrollBtnDemo */ = {
			isa = PBXNativeTarget;
			buildConfigurationList = FCDEF96E1D3F1A71004F3244 /* Build configuration list for PBXNativeTarget "TSScrollBtnDemo" */;
			buildPhases = (
				FCDEF9531D3F1A71004F3244 /* Sources */,
				FCDEF9541D3F1A71004F3244 /* Frameworks */,
				FCDEF9551D3F1A71004F3244 /* Resources */,
			);
			buildRules = (
			);
			dependencies = (
			);
			name = TSScrollBtnDemo;
			productName = TSScrollBtnDemo;
			productReference = FCDEF9571D3F1A71004F3244 /* TSScrollBtnDemo.app */;
			productType = "com.apple.product-type.application";
		};
/* End PBXNativeTarget section */

/* Begin PBXProject section */
		FCDEF94F1D3F1A71004F3244 /* Project object */ = {
			isa = PBXProject;
			attributes = {
				LastUpgradeCheck = 0730;
				ORGANIZATIONNAME = Dylan;
				TargetAttributes = {
					FCDEF9561D3F1A71004F3244 = {
						CreatedOnToolsVersion = 7.3.1;
						DevelopmentTeam = 26J52EZXXR;
					};
				};
			};
			buildConfigurationList = FCDEF9521D3F1A71004F3244 /* Build configuration list for PBXProject "TSScrollBtnDemo" */;
			compatibilityVersion = "Xcode 3.2";
			developmentRegion = English;
			hasScannedForEncodings = 0;
			knownRegions = (
				en,
				Base,
			);
			mainGroup = FCDEF94E1D3F1A71004F3244;
			productRefGroup = FCDEF9581D3F1A71004F3244 /* Products */;
			projectDirPath = "";
			projectRoot = "";
			targets = (
				FCDEF9561D3F1A71004F3244 /* TSScrollBtnDemo */,
			);
		};
/* End PBXProject section */

/* Begin PBXResourcesBuildPhase section */
		FCDEF9551D3F1A71004F3244 /* Resources */ = {
			isa = PBXResourcesBuildPhase;
			buildActionMask = 2147483647;
			files = (
				FCDEF96A1D3F1A71004F3244 /* LaunchScreen.storyboard in Resources */,
				FCDEF9841D3F505A004F3244 /* closeItemView@2x.png in Resources */,
				FCDEF9671D3F1A71004F3244 /* Assets.xcassets in Resources */,
				FCDEF9651D3F1A71004F3244 /* Main.storyboard in Resources */,
				FCDEF9851D3F505A004F3244 /* showItemView@2x.png in Resources */,
			);
			runOnlyForDeploymentPostprocessing = 0;
		};
/* End PBXResourcesBuildPhase section */

/* Begin PBXSourcesBuildPhase section */
		FCDEF9531D3F1A71004F3244 /* Sources */ = {
			isa = PBXSourcesBuildPhase;
			buildActionMask = 2147483647;
			files = (
				FCDEF9871D3F505A004F3244 /* TSScrollBtnView.m in Sources */,
				FCDEF9621D3F1A71004F3244 /* ViewController.m in Sources */,
				FCDEF95F1D3F1A71004F3244 /* AppDelegate.m in Sources */,
				FCDEF9861D3F505A004F3244 /* TSBtnLabel.m in Sources */,
				FCDEF95C1D3F1A71004F3244 /* main.m in Sources */,
			);
			runOnlyForDeploymentPostprocessing = 0;
		};
/* End PBXSourcesBuildPhase section */

/* Begin PBXVariantGroup section */
		FCDEF9631D3F1A71004F3244 /* Main.storyboard */ = {
			isa = PBXVariantGroup;
			children = (
				FCDEF9641D3F1A71004F3244 /* Base */,
			);
			name = Main.storyboard;
			sourceTree = "<group>";
		};
		FCDEF9681D3F1A71004F3244 /* LaunchScreen.storyboard */ = {
			isa = PBXVariantGroup;
			children = (
				FCDEF9691D3F1A71004F3244 /* Base */,
			);
			name = LaunchScreen.storyboard;
			sourceTree = "<group>";
		};
/* End PBXVariantGroup section */

/* Begin XCBuildConfiguration section */
		FCDEF96C1D3F1A71004F3244 /* Debug */ = {
			isa = XCBuildConfiguration;
			buildSettings = {
				ALWAYS_SEARCH_USER_PATHS = NO;
				CLANG_ANALYZER_NONNULL = YES;
				CLANG_CXX_LANGUAGE_STANDARD = "gnu++0x";
				CLANG_CXX_LIBRARY = "libc++";
				CLANG_ENABLE_MODULES = YES;
				CLANG_ENABLE_OBJC_ARC = YES;
				CLANG_WARN_BOOL_CONVERSION = YES;
				CLANG_WARN_CONSTANT_CONVERSION = YES;
				CLANG_WARN_DIRECT_OBJC_ISA_USAGE = YES_ERROR;
				CLANG_WARN_EMPTY_BODY = YES;
				CLANG_WARN_ENUM_CONVERSION = YES;
				CLANG_WARN_INT_CONVERSION = YES;
				CLANG_WARN_OBJC_ROOT_CLASS = YES_ERROR;
				CLANG_WARN_UNREACHABLE_CODE = YES;
				CLANG_WARN__DUPLICATE_METHOD_MATCH = YES;
				"CODE_SIGN_IDENTITY[sdk=iphoneos*]" = "iPhone Developer";
				COPY_PHASE_STRIP = NO;
				DEBUG_INFORMATION_FORMAT = dwarf;
				ENABLE_STRICT_OBJC_MSGSEND = YES;
				ENABLE_TESTABILITY = YES;
				GCC_C_LANGUAGE_STANDARD = gnu99;
				GCC_DYNAMIC_NO_PIC = NO;
				GCC_NO_COMMON_BLOCKS = YES;
				GCC_OPTIMIZATION_LEVEL = 0;
				GCC_PREPROCESSOR_DEFINITIONS = (
					"DEBUG=1",
					"$(inherited)",
				);
				GCC_WARN_64_TO_32_BIT_CONVERSION = YES;
				GCC_WARN_ABOUT_RETURN_TYPE = YES_ERROR;
				GCC_WARN_UNDECLARED_SELECTOR = YES;
				GCC_WARN_UNINITIALIZED_AUTOS = YES_AGGRESSIVE;
				GCC_WARN_UNUSED_FUNCTION = YES;
				GCC_WARN_UNUSED_VARIABLE = YES;
				IPHONEOS_DEPLOYMENT_TARGET = 9.3;
				MTL_ENABLE_DEBUG_INFO = YES;
				ONLY_ACTIVE_ARCH = YES;
				SDKROOT = iphoneos;
				TARGETED_DEVICE_FAMILY = "1,2";
			};
			name = Debug;
		};
		FCDEF96D1D3F1A71004F3244 /* Release */ = {
			isa = XCBuildConfiguration;
			buildSettings = {
				ALWAYS_SEARCH_USER_PATHS = NO;
				CLANG_ANALYZER_NONNULL = YES;
				CLANG_CXX_LANGUAGE_STANDARD = "gnu++0x";
				CLANG_CXX_LIBRARY = "libc++";
				CLANG_ENABLE_MODULES = YES;
				CLANG_ENABLE_OBJC_ARC = YES;
				CLANG_WARN_BOOL_CONVERSION = YES;
				CLANG_WARN_CONSTANT_CONVERSION = YES;
				CLANG_WARN_DIRECT_OBJC_ISA_USAGE = YES_ERROR;
				CLANG_WARN_EMPTY_BODY = YES;
				CLANG_WARN_ENUM_CONVERSION = YES;
				CLANG_WARN_INT_CONVERSION = YES;
				CLANG_WARN_OBJC_ROOT_CLASS = YES_ERROR;
				CLANG_WARN_UNREACHABLE_CODE = YES;
				CLANG_WARN__DUPLICATE_METHOD_MATCH = YES;
				"CODE_SIGN_IDENTITY[sdk=iphoneos*]" = "iPhone Developer";
				COPY_PHASE_STRIP = NO;
				DEBUG_INFORMATION_FORMAT = "dwarf-with-dsym";
				ENABLE_NS_ASSERTIONS = NO;
				ENABLE_STRICT_OBJC_MSGSEND = YES;
				GCC_C_LANGUAGE_STANDARD = gnu99;
				GCC_NO_COMMON_BLOCKS = YES;
				GCC_WARN_64_TO_32_BIT_CONVERSION = YES;
				GCC_WARN_ABOUT_RETURN_TYPE = YES_ERROR;
				GCC_WARN_UNDECLARED_SELECTOR = YES;
				GCC_WARN_UNINITIALIZED_AUTOS = YES_AGGRESSIVE;
				GCC_WARN_UNUSED_FUNCTION = YES;
				GCC_WARN_UNUSED_VARIABLE = YES;
				IPHONEOS_DEPLOYMENT_TARGET = 9.3;
				MTL_ENABLE_DEBUG_INFO = NO;
				SDKROOT = iphoneos;
				TARGETED_DEVICE_FAMILY = "1,2";
				VALIDATE_PRODUCT = YES;
			};
			name = Release;
		};
		FCDEF96F1D3F1A71004F3244 /* Debug */ = {
			isa = XCBuildConfiguration;
			buildSettings = {
				ASSETCATALOG_COMPILER_APPICON_NAME = AppIcon;
				CODE_SIGN_IDENTITY = "iPhone Developer";
				"CODE_SIGN_IDENTITY[sdk=iphoneos*]" = "iPhone Developer";
				INFOPLIST_FILE = TSScrollBtnDemo/Info.plist;
				LD_RUNPATH_SEARCH_PATHS = "$(inherited) @executable_path/Frameworks";
				PRODUCT_BUNDLE_IDENTIFIER = TS.TSScrollBtnDemo;
				PRODUCT_NAME = "$(TARGET_NAME)";
				PROVISIONING_PROFILE = "";
			};
			name = Debug;
		};
		FCDEF9701D3F1A71004F3244 /* Release */ = {
			isa = XCBuildConfiguration;
			buildSettings = {
				ASSETCATALOG_COMPILER_APPICON_NAME = AppIcon;
				CODE_SIGN_IDENTITY = "iPhone Developer";
				"CODE_SIGN_IDENTITY[sdk=iphoneos*]" = "iPhone Developer";
				INFOPLIST_FILE = TSScrollBtnDemo/Info.plist;
				LD_RUNPATH_SEARCH_PATHS = "$(inherited) @executable_path/Frameworks";
				PRODUCT_BUNDLE_IDENTIFIER = TS.TSScrollBtnDemo;
				PRODUCT_NAME = "$(TARGET_NAME)";
				PROVISIONING_PROFILE = "";
			};
			name = Release;
		};
/* End XCBuildConfiguration section */

/* Begin XCConfigurationList section */
		FCDEF9521D3F1A71004F3244 /* Build configuration list for PBXProject "TSScrollBtnDemo" */ = {
			isa = XCConfigurationList;
			buildConfigurations = (
				FCDEF96C1D3F1A71004F3244 /* Debug */,
				FCDEF96D1D3F1A71004F3244 /* Release */,
			);
			defaultConfigurationIsVisible = 0;
			defaultConfigurationName = Release;
		};
		FCDEF96E1D3F1A71004F3244 /* Build configuration list for PBXNativeTarget "TSScrollBtnDemo" */ = {
			isa = XCConfigurationList;
			buildConfigurations = (
				FCDEF96F1D3F1A71004F3244 /* Debug */,
				FCDEF9701D3F1A71004F3244 /* Release */,
			);
			defaultConfigurationIsVisible = 0;
			defaultConfigurationName = Release;
		};
/* End XCConfigurationList section */
	};
	rootObject = FCDEF94F1D3F1A71004F3244 /* Project object */;
}
